
Microsoft Visual Studio Solution File, Format Version 12.00
# Visual Studio Version 17
VisualStudioVersion = 17.5.33424.131
MinimumVisualStudioVersion = 10.0.40219.1
Project("{FAE04EC0-301F-11D3-BF4B-00C04F79EFBC}") = "文件操作", "文件操作\文件操作.csproj", "{98FB149F-C7AA-4E55-860E-E994481A00AC}"
EndProject
Global
	GlobalSection(SolutionConfigurationPlatforms) = preSolution
		Debug|Any CPU = Debug|Any CPU
		Release|Any CPU = Release|Any CPU
	EndGlobalSection
	GlobalSection(ProjectConfigurationPlatforms) = postSolution
		{98FB149F-C7AA-4E55-860E-E994481A00AC}.Debug|Any CPU.ActiveCfg = Debug|Any CPU
		{98FB149F-C7AA-4E55-860E-E994481A00AC}.Debug|Any CPU.Build.0 = Debug|Any CPU
		{98FB149F-C7AA-4E55-860E-E994481A00AC}.Release|Any CPU.ActiveCfg = Release|Any CPU
		{98FB149F-C7AA-4E55-860E-E994481A00AC}.Release|Any CPU.Build.0 = Release|Any CPU
	EndGlobalSection
	GlobalSection(SolutionProperties) = preSolution
		HideSolutionNode = FALSE
	EndGlobalSection
	GlobalSection(ExtensibilityGlobals) = postSolution
		SolutionGuid = {E6F53453-5228-4B71-AD5C-438CD3104BA8}
	EndGlobalSection
EndGlobal
