
Microsoft Visual Studio Solution File, Format Version 12.00
# Visual Studio Version 17
VisualStudioVersion = 17.5.33424.131
MinimumVisualStudioVersion = 10.0.40219.1
Project("{FAE04EC0-301F-11D3-BF4B-00C04F79EFBC}") = "StudentManagerPro", "StudentManagerPro\StudentManagerPro.csproj", "{76B07364-A31E-4C18-B7F6-D4A78BCC2C16}"
EndProject
Global
	GlobalSection(SolutionConfigurationPlatforms) = preSolution
		Debug|Any CPU = Debug|Any CPU
		Release|Any CPU = Release|Any CPU
	EndGlobalSection
	GlobalSection(ProjectConfigurationPlatforms) = postSolution
		{76B07364-A31E-4C18-B7F6-D4A78BCC2C16}.Debug|Any CPU.ActiveCfg = Debug|Any CPU
		{76B07364-A31E-4C18-B7F6-D4A78BCC2C16}.Debug|Any CPU.Build.0 = Debug|Any CPU
		{76B07364-A31E-4C18-B7F6-D4A78BCC2C16}.Release|Any CPU.ActiveCfg = Release|Any CPU
		{76B07364-A31E-4C18-B7F6-D4A78BCC2C16}.Release|Any CPU.Build.0 = Release|Any CPU
	EndGlobalSection
	GlobalSection(SolutionProperties) = preSolution
		HideSolutionNode = FALSE
	EndGlobalSection
	GlobalSection(ExtensibilityGlobals) = postSolution
		SolutionGuid = {95D29024-3A49-4D8F-B075-66ACD7D908AE}
	EndGlobalSection
EndGlobal
